
Microsoft Visual Studio Solution File, Format Version 12.00
# Visual Studio Version 16
VisualStudioVersion = 16.0.29519.87
MinimumVisualStudioVersion = 10.0.40219.1
Project("{888888A0-9F3D-457C-B088-3A5042F75D52}") = "Challenge_Exercise_1-classExercise9", "Challenge_Exercise_1-classExercise9\Challenge_Exercise_1-classExercise9.pyproj", "{B23BF70F-E405-4145-8D85-7D12CE8A100D}"
EndProject
Global
	GlobalSection(SolutionConfigurationPlatforms) = preSolution
		Debug|Any CPU = Debug|Any CPU
		Release|Any CPU = Release|Any CPU
	EndGlobalSection
	GlobalSection(ProjectConfigurationPlatforms) = postSolution
		{B23BF70F-E405-4145-8D85-7D12CE8A100D}.Debug|Any CPU.ActiveCfg = Debug|Any CPU
		{B23BF70F-E405-4145-8D85-7D12CE8A100D}.Release|Any CPU.ActiveCfg = Release|Any CPU
	EndGlobalSection
	GlobalSection(SolutionProperties) = preSolution
		HideSolutionNode = FALSE
	EndGlobalSection
	GlobalSection(ExtensibilityGlobals) = postSolution
		SolutionGuid = {A03FFD4D-1E04-4987-A5BB-8A4118CA398A}
	EndGlobalSection
EndGlobal
